
Microsoft Visual Studio Solution File, Format Version 12.00
# Visual Studio Version 16
VisualStudioVersion = 16.0.30204.135
MinimumVisualStudioVersion = 10.0.40219.1
Project("{FAE04EC0-301F-11D3-BF4B-00C04F79EFBC}") = "ChatApp", "ChatApp\ChatApp.csproj", "{1917D5F9-578C-4C0C-B0B7-CF039C02300E}"
EndProject
Global
	GlobalSection(SolutionConfigurationPlatforms) = preSolution
		Debug|Any CPU = Debug|Any CPU
		Release|Any CPU = Release|Any CPU
	EndGlobalSection
	GlobalSection(ProjectConfigurationPlatforms) = postSolution
		{1917D5F9-578C-4C0C-B0B7-CF039C02300E}.Debug|Any CPU.ActiveCfg = Debug|Any CPU
		{1917D5F9-578C-4C0C-B0B7-CF039C02300E}.Debug|Any CPU.Build.0 = Debug|Any CPU
		{1917D5F9-578C-4C0C-B0B7-CF039C02300E}.Release|Any CPU.ActiveCfg = Release|Any CPU
		{1917D5F9-578C-4C0C-B0B7-CF039C02300E}.Release|Any CPU.Build.0 = Release|Any CPU
	EndGlobalSection
	GlobalSection(SolutionProperties) = preSolution
		HideSolutionNode = FALSE
	EndGlobalSection
	GlobalSection(ExtensibilityGlobals) = postSolution
		SolutionGuid = {7FDF3C9D-0CB5-463F-BC83-CB68F640B0BF}
	EndGlobalSection
EndGlobal
